
Microsoft Visual Studio Solution File, Format Version 12.00
# Visual Studio Version 17
VisualStudioVersion = 17.11.35219.272
MinimumVisualStudioVersion = 10.0.40219.1
Project("{2150E333-8FDC-42A3-9474-1A3956D46DE8}") = "src", "src", "{79F18B3B-182A-4190-83A3-1483262AB996}"
EndProject
Project("{9A19103F-16F7-4668-BE54-9A1E7A4F7556}") = "SM.Home.API", "src\HomeApi\SM.Home.API\SM.Home.API.csproj", "{6B4A614D-ECA0-49D1-ACDB-D4A66EC6CA9C}"
EndProject
Project("{54A90642-561A-4BB1-A94E-469ADEE60C69}") = "SM.Home.UI", "src\SM.Home.UI\SM.Home.UI.esproj", "{42E5B957-BDA5-442C-93DE-C3622D375B43}"
EndProject
Project("{9A19103F-16F7-4668-BE54-9A1E7A4F7556}") = "SM.Channel.API", "src\ChannelApi\SM.Channel.API\SM.Channel.API.csproj", "{DA74DBD6-8FA1-442C-B8AB-812F3F12C33A}"
EndProject
Project("{9A19103F-16F7-4668-BE54-9A1E7A4F7556}") = "SM.Identity.API", "src\IdentityApi\SM.Identity.API\SM.Identity.API.csproj", "{6309907F-24C4-44EB-9C1F-73E8112A6A10}"
EndProject
Project("{9A19103F-16F7-4668-BE54-9A1E7A4F7556}") = "SM.MusicPlayer.API", "src\MusicPlayerApi\SM.MusicPlayer.API\SM.MusicPlayer.API.csproj", "{10905768-A78A-498F-9091-5EE2FF41607A}"
EndProject
Project("{9A19103F-16F7-4668-BE54-9A1E7A4F7556}") = "SM.Chat.API", "src\ChatApi\SM.Chat.API\SM.Chat.API.csproj", "{787E7F4F-61C7-4F72-BD55-C320939DDBE1}"
EndProject
Project("{9A19103F-16F7-4668-BE54-9A1E7A4F7556}") = "SM.Home.API.Tests", "src\HomeApi\tests\SM.Home.API.Tests\SM.Home.API.Tests.csproj", "{AF577583-BA0D-460F-BFCF-B1BBB4375C48}"
EndProject
Project("{9A19103F-16F7-4668-BE54-9A1E7A4F7556}") = "SM.Identity.API.Tests", "src\IdentityApi\tests\SM.Identity.API.Tests\SM.Identity.API.Tests.csproj", "{4E8F0B95-2A7F-411D-B3D0-7A890E9985F8}"
EndProject
Project("{9A19103F-16F7-4668-BE54-9A1E7A4F7556}") = "SM.Channel.API.Tests", "src\ChannelApi\tests\SM.Channel.API.Tests\SM.Channel.API.Tests.csproj", "{F9DC67B1-E5CD-4439-87C6-7EDE7B6EC869}"
EndProject
Project("{9A19103F-16F7-4668-BE54-9A1E7A4F7556}") = "SM.Chat.API.Tests", "src\ChatApi\tests\SM.Chat.API.Tests\SM.Chat.API.Tests.csproj", "{55B1B810-FAD0-4848-B3FF-0D79193EBA64}"
EndProject
Project("{9A19103F-16F7-4668-BE54-9A1E7A4F7556}") = "SM.MusicPlayer.API.Tests", "src\MusicPlayerApi\tests\SM.MusicPlayer.API.Tests\SM.MusicPlayer.API.Tests.csproj", "{41138708-88DB-46C7-8E7B-62CD5CD5FE61}"
EndProject
Project("{2150E333-8FDC-42A3-9474-1A3956D46DE8}") = "solution items", "solution items", "{DA7FA087-D1C5-4DE6-94FD-371FCCCB00C8}"
	ProjectSection(SolutionItems) = preProject
		C:\Users\Siarhei_Privalau\Downloads\logo.jfif = C:\Users\Siarhei_Privalau\Downloads\logo.jfif
		solution items\sm-authorization-server-api.yaml = solution items\sm-authorization-server-api.yaml
		solution items\sm-channel-api.yaml = solution items\sm-channel-api.yaml
		solution items\sm-chat-api.yaml = solution items\sm-chat-api.yaml
		solution items\sm-home-api.yaml = solution items\sm-home-api.yaml
		solution items\sm-home-ui.yaml = solution items\sm-home-ui.yaml
		solution items\sm-music-player-api.yaml = solution items\sm-music-player-api.yaml
	EndProjectSection
EndProject
Project("{2150E333-8FDC-42A3-9474-1A3956D46DE8}") = "ChannelApi", "ChannelApi", "{ADC53CE1-76DC-4AC1-8529-17DB78750FCC}"
EndProject
Project("{2150E333-8FDC-42A3-9474-1A3956D46DE8}") = "ChatApi", "ChatApi", "{246142BB-49BB-4B21-AE84-B8554C7FF649}"
EndProject
Project("{2150E333-8FDC-42A3-9474-1A3956D46DE8}") = "HomeApi", "HomeApi", "{CF246BE2-E9C1-4D8C-B211-2B9057B2DC20}"
EndProject
Project("{2150E333-8FDC-42A3-9474-1A3956D46DE8}") = "IdentityApi", "IdentityApi", "{4F4AA367-9E9C-454D-9BC4-1D72EF9FF237}"
EndProject
Project("{2150E333-8FDC-42A3-9474-1A3956D46DE8}") = "MusicPlayerApi", "MusicPlayerApi", "{124F7E10-A290-4462-ADDF-3BB959E8F354}"
EndProject
Project("{2150E333-8FDC-42A3-9474-1A3956D46DE8}") = "Common", "Common", "{ADCE8502-185B-45B4-A55C-66D8769C6F13}"
EndProject
Project("{2150E333-8FDC-42A3-9474-1A3956D46DE8}") = "tests", "tests", "{F2E868BE-BA8F-4653-BCE9-C903AB81FC40}"
EndProject
Project("{2150E333-8FDC-42A3-9474-1A3956D46DE8}") = "tests", "tests", "{7BFA3E93-89C7-43C9-A898-97ED161EC790}"
EndProject
Project("{2150E333-8FDC-42A3-9474-1A3956D46DE8}") = "tests", "tests", "{1B93280F-AF92-4B74-9F5E-5867B0EC4B1D}"
EndProject
Project("{2150E333-8FDC-42A3-9474-1A3956D46DE8}") = "tests", "tests", "{24C92543-A66F-4884-A6B4-EEC14AE11B3B}"
EndProject
Project("{2150E333-8FDC-42A3-9474-1A3956D46DE8}") = "tests", "tests", "{992F1696-D91D-4B82-9D80-498C6D2B8B83}"
EndProject
Global
	GlobalSection(SolutionConfigurationPlatforms) = preSolution
		Debug|Any CPU = Debug|Any CPU
		Release|Any CPU = Release|Any CPU
	EndGlobalSection
	GlobalSection(ProjectConfigurationPlatforms) = postSolution
		{6B4A614D-ECA0-49D1-ACDB-D4A66EC6CA9C}.Debug|Any CPU.ActiveCfg = Debug|Any CPU
		{6B4A614D-ECA0-49D1-ACDB-D4A66EC6CA9C}.Debug|Any CPU.Build.0 = Debug|Any CPU
		{6B4A614D-ECA0-49D1-ACDB-D4A66EC6CA9C}.Release|Any CPU.ActiveCfg = Release|Any CPU
		{6B4A614D-ECA0-49D1-ACDB-D4A66EC6CA9C}.Release|Any CPU.Build.0 = Release|Any CPU
		{42E5B957-BDA5-442C-93DE-C3622D375B43}.Debug|Any CPU.ActiveCfg = Debug|Any CPU
		{42E5B957-BDA5-442C-93DE-C3622D375B43}.Debug|Any CPU.Build.0 = Debug|Any CPU
		{42E5B957-BDA5-442C-93DE-C3622D375B43}.Debug|Any CPU.Deploy.0 = Debug|Any CPU
		{42E5B957-BDA5-442C-93DE-C3622D375B43}.Release|Any CPU.ActiveCfg = Release|Any CPU
		{42E5B957-BDA5-442C-93DE-C3622D375B43}.Release|Any CPU.Build.0 = Release|Any CPU
		{42E5B957-BDA5-442C-93DE-C3622D375B43}.Release|Any CPU.Deploy.0 = Release|Any CPU
		{DA74DBD6-8FA1-442C-B8AB-812F3F12C33A}.Debug|Any CPU.ActiveCfg = Debug|Any CPU
		{DA74DBD6-8FA1-442C-B8AB-812F3F12C33A}.Debug|Any CPU.Build.0 = Debug|Any CPU
		{DA74DBD6-8FA1-442C-B8AB-812F3F12C33A}.Release|Any CPU.ActiveCfg = Release|Any CPU
		{DA74DBD6-8FA1-442C-B8AB-812F3F12C33A}.Release|Any CPU.Build.0 = Release|Any CPU
		{6309907F-24C4-44EB-9C1F-73E8112A6A10}.Debug|Any CPU.ActiveCfg = Debug|Any CPU
		{6309907F-24C4-44EB-9C1F-73E8112A6A10}.Debug|Any CPU.Build.0 = Debug|Any CPU
		{6309907F-24C4-44EB-9C1F-73E8112A6A10}.Release|Any CPU.ActiveCfg = Release|Any CPU
		{6309907F-24C4-44EB-9C1F-73E8112A6A10}.Release|Any CPU.Build.0 = Release|Any CPU
		{10905768-A78A-498F-9091-5EE2FF41607A}.Debug|Any CPU.ActiveCfg = Debug|Any CPU
		{10905768-A78A-498F-9091-5EE2FF41607A}.Debug|Any CPU.Build.0 = Debug|Any CPU
		{10905768-A78A-498F-9091-5EE2FF41607A}.Release|Any CPU.ActiveCfg = Release|Any CPU
		{10905768-A78A-498F-9091-5EE2FF41607A}.Release|Any CPU.Build.0 = Release|Any CPU
		{787E7F4F-61C7-4F72-BD55-C320939DDBE1}.Debug|Any CPU.ActiveCfg = Debug|Any CPU
		{787E7F4F-61C7-4F72-BD55-C320939DDBE1}.Debug|Any CPU.Build.0 = Debug|Any CPU
		{787E7F4F-61C7-4F72-BD55-C320939DDBE1}.Release|Any CPU.ActiveCfg = Release|Any CPU
		{787E7F4F-61C7-4F72-BD55-C320939DDBE1}.Release|Any CPU.Build.0 = Release|Any CPU
		{AF577583-BA0D-460F-BFCF-B1BBB4375C48}.Debug|Any CPU.ActiveCfg = Debug|Any CPU
		{AF577583-BA0D-460F-BFCF-B1BBB4375C48}.Debug|Any CPU.Build.0 = Debug|Any CPU
		{AF577583-BA0D-460F-BFCF-B1BBB4375C48}.Release|Any CPU.ActiveCfg = Release|Any CPU
		{AF577583-BA0D-460F-BFCF-B1BBB4375C48}.Release|Any CPU.Build.0 = Release|Any CPU
		{4E8F0B95-2A7F-411D-B3D0-7A890E9985F8}.Debug|Any CPU.ActiveCfg = Debug|Any CPU
		{4E8F0B95-2A7F-411D-B3D0-7A890E9985F8}.Debug|Any CPU.Build.0 = Debug|Any CPU
		{4E8F0B95-2A7F-411D-B3D0-7A890E9985F8}.Release|Any CPU.ActiveCfg = Release|Any CPU
		{4E8F0B95-2A7F-411D-B3D0-7A890E9985F8}.Release|Any CPU.Build.0 = Release|Any CPU
		{F9DC67B1-E5CD-4439-87C6-7EDE7B6EC869}.Debug|Any CPU.ActiveCfg = Debug|Any CPU
		{F9DC67B1-E5CD-4439-87C6-7EDE7B6EC869}.Debug|Any CPU.Build.0 = Debug|Any CPU
		{F9DC67B1-E5CD-4439-87C6-7EDE7B6EC869}.Release|Any CPU.ActiveCfg = Release|Any CPU
		{F9DC67B1-E5CD-4439-87C6-7EDE7B6EC869}.Release|Any CPU.Build.0 = Release|Any CPU
		{55B1B810-FAD0-4848-B3FF-0D79193EBA64}.Debug|Any CPU.ActiveCfg = Debug|Any CPU
		{55B1B810-FAD0-4848-B3FF-0D79193EBA64}.Debug|Any CPU.Build.0 = Debug|Any CPU
		{55B1B810-FAD0-4848-B3FF-0D79193EBA64}.Release|Any CPU.ActiveCfg = Release|Any CPU
		{55B1B810-FAD0-4848-B3FF-0D79193EBA64}.Release|Any CPU.Build.0 = Release|Any CPU
		{41138708-88DB-46C7-8E7B-62CD5CD5FE61}.Debug|Any CPU.ActiveCfg = Debug|Any CPU
		{41138708-88DB-46C7-8E7B-62CD5CD5FE61}.Debug|Any CPU.Build.0 = Debug|Any CPU
		{41138708-88DB-46C7-8E7B-62CD5CD5FE61}.Release|Any CPU.ActiveCfg = Release|Any CPU
		{41138708-88DB-46C7-8E7B-62CD5CD5FE61}.Release|Any CPU.Build.0 = Release|Any CPU
	EndGlobalSection
	GlobalSection(SolutionProperties) = preSolution
		HideSolutionNode = FALSE
	EndGlobalSection
	GlobalSection(NestedProjects) = preSolution
		{6B4A614D-ECA0-49D1-ACDB-D4A66EC6CA9C} = {CF246BE2-E9C1-4D8C-B211-2B9057B2DC20}
		{42E5B957-BDA5-442C-93DE-C3622D375B43} = {79F18B3B-182A-4190-83A3-1483262AB996}
		{DA74DBD6-8FA1-442C-B8AB-812F3F12C33A} = {ADC53CE1-76DC-4AC1-8529-17DB78750FCC}
		{6309907F-24C4-44EB-9C1F-73E8112A6A10} = {4F4AA367-9E9C-454D-9BC4-1D72EF9FF237}
		{10905768-A78A-498F-9091-5EE2FF41607A} = {124F7E10-A290-4462-ADDF-3BB959E8F354}
		{787E7F4F-61C7-4F72-BD55-C320939DDBE1} = {246142BB-49BB-4B21-AE84-B8554C7FF649}
		{AF577583-BA0D-460F-BFCF-B1BBB4375C48} = {1B93280F-AF92-4B74-9F5E-5867B0EC4B1D}
		{4E8F0B95-2A7F-411D-B3D0-7A890E9985F8} = {24C92543-A66F-4884-A6B4-EEC14AE11B3B}
		{F9DC67B1-E5CD-4439-87C6-7EDE7B6EC869} = {F2E868BE-BA8F-4653-BCE9-C903AB81FC40}
		{55B1B810-FAD0-4848-B3FF-0D79193EBA64} = {7BFA3E93-89C7-43C9-A898-97ED161EC790}
		{41138708-88DB-46C7-8E7B-62CD5CD5FE61} = {992F1696-D91D-4B82-9D80-498C6D2B8B83}
		{ADC53CE1-76DC-4AC1-8529-17DB78750FCC} = {79F18B3B-182A-4190-83A3-1483262AB996}
		{246142BB-49BB-4B21-AE84-B8554C7FF649} = {79F18B3B-182A-4190-83A3-1483262AB996}
		{CF246BE2-E9C1-4D8C-B211-2B9057B2DC20} = {79F18B3B-182A-4190-83A3-1483262AB996}
		{4F4AA367-9E9C-454D-9BC4-1D72EF9FF237} = {79F18B3B-182A-4190-83A3-1483262AB996}
		{124F7E10-A290-4462-ADDF-3BB959E8F354} = {79F18B3B-182A-4190-83A3-1483262AB996}
		{ADCE8502-185B-45B4-A55C-66D8769C6F13} = {79F18B3B-182A-4190-83A3-1483262AB996}
		{F2E868BE-BA8F-4653-BCE9-C903AB81FC40} = {ADC53CE1-76DC-4AC1-8529-17DB78750FCC}
		{7BFA3E93-89C7-43C9-A898-97ED161EC790} = {246142BB-49BB-4B21-AE84-B8554C7FF649}
		{1B93280F-AF92-4B74-9F5E-5867B0EC4B1D} = {CF246BE2-E9C1-4D8C-B211-2B9057B2DC20}
		{24C92543-A66F-4884-A6B4-EEC14AE11B3B} = {4F4AA367-9E9C-454D-9BC4-1D72EF9FF237}
		{992F1696-D91D-4B82-9D80-498C6D2B8B83} = {124F7E10-A290-4462-ADDF-3BB959E8F354}
	EndGlobalSection
	GlobalSection(ExtensibilityGlobals) = postSolution
		SolutionGuid = {86DE3289-D32A-4533-9622-C4EED628E899}
	EndGlobalSection
EndGlobal
